// !$*UTF8*$!
{
	archiveVersion = 1;
	classes = {
	};
	objectVersion = 46;
	objects = {

/* Begin PBXBuildFile section */
		FABB39BC1BD013B800AE8462 /* AppDelegate.swift in Sources */ = {isa = PBXBuildFile; fileRef = FABB39BB1BD013B800AE8462 /* AppDelegate.swift */; };
		FABB39BE1BD013B800AE8462 /* ViewController.swift in Sources */ = {isa = PBXBuildFile; fileRef = FABB39BD1BD013B800AE8462 /* ViewController.swift */; };
		FABB39C11BD013B800AE8462 /* Main.storyboard in Resources */ = {isa = PBXBuildFile; fileRef = FABB39BF1BD013B800AE8462 /* Main.storyboard */; };
		FABB39C31BD013B800AE8462 /* Assets.xcassets in Resources */ = {isa = PBXBuildFile; fileRef = FABB39C21BD013B800AE8462 /* Assets.xcassets */; };
		FABB39C61BD013B800AE8462 /* LaunchScreen.storyboard in Resources */ = {isa = PBXBuildFile; fileRef = FABB39C41BD013B800AE8462 /* LaunchScreen.storyboard */; };
/* End PBXBuildFile section */

/* Begin PBXFileReference section */
		FABB39B81BD013B800AE8462 /* OggOpus.app */ = {isa = PBXFileReference; explicitFileType = wrapper.application; includeInIndex = 0; path = OggOpus.app; sourceTree = BUILT_PRODUCTS_DIR; };
		FABB39BB1BD013B800AE8462 /* AppDelegate.swift */ = {isa = PBXFileReference; lastKnownFileType = sourcecode.swift; path = AppDelegate.swift; sourceTree = "<group>"; };
		FABB39BD1BD013B800AE8462 /* ViewController.swift */ = {isa = PBXFileReference; lastKnownFileType = sourcecode.swift; path = ViewController.swift; sourceTree = "<group>"; };
		FABB39C01BD013B800AE8462 /* Base */ = {isa = PBXFileReference; lastKnownFileType = file.storyboard; name = Base; path = Base.lproj/Main.storyboard; sourceTree = "<group>"; };
		FABB39C21BD013B800AE8462 /* Assets.xcassets */ = {isa = PBXFileReference; lastKnownFileType = folder.assetcatalog; path = Assets.xcassets; sourceTree = "<group>"; };
		FABB39C51BD013B800AE8462 /* Base */ = {isa = PBXFileReference; lastKnownFileType = file.storyboard; name = Base; path = Base.lproj/LaunchScreen.storyboard; sourceTree = "<group>"; };
		FABB39C71BD013B800AE8462 /* Info.plist */ = {isa = PBXFileReference; lastKnownFileType = text.plist.xml; path = Info.plist; sourceTree = "<group>"; };
/* End PBXFileReference section */

/* Begin PBXFrameworksBuildPhase section */
		FABB39B51BD013B800AE8462 /* Frameworks */ = {
			isa = PBXFrameworksBuildPhase;
			buildActionMask = 2147483647;
			files = (
			);
			runOnlyForDeploymentPostprocessing = 0;
		};
/* End PBXFrameworksBuildPhase section */

/* Begin PBXGroup section */
		FABB39AF1BD013B800AE8462 = {
			isa = PBXGroup;
			children = (
				FABB39BA1BD013B800AE8462 /* OggOpus */,
				FABB39B91BD013B800AE8462 /* Products */,
			);
			sourceTree = "<group>";
		};
		FABB39B91BD013B800AE8462 /* Products */ = {
			isa = PBXGroup;
			children = (
				FABB39B81BD013B800AE8462 /* OggOpus.app */,
			);
			name = Products;
			sourceTree = "<group>";
		};
		FABB39BA1BD013B800AE8462 /* OggOpus */ = {
			isa = PBXGroup;
			children = (
				FABB39BB1BD013B800AE8462 /* AppDelegate.swift */,
				FABB39BD1BD013B800AE8462 /* ViewController.swift */,
				FABB39BF1BD013B800AE8462 /* Main.storyboard */,
				FABB39C21BD013B800AE8462 /* Assets.xcassets */,
				FABB39C41BD013B800AE8462 /* LaunchScreen.storyboard */,
				FABB39C71BD013B800AE8462 /* Info.plist */,
			);
			path = OggOpus;
			sourceTree = "<group>";
		};
/* End PBXGroup section */

/* Begin PBXNativeTarget section */
		FABB39B71BD013B800AE8462 /* OggOpus */ = {
			isa = PBXNativeTarget;
			buildConfigurationList = FABB39CA1BD013B800AE8462 /* Build configuration list for PBXNativeTarget "OggOpus" */;
			buildPhases = (
				FABB39B41BD013B800AE8462 /* Sources */,
				FABB39B51BD013B800AE8462 /* Frameworks */,
				FABB39B61BD013B800AE8462 /* Resources */,
			);
			buildRules = (
			);
			dependencies = (
			);
			name = OggOpus;
			productName = OggOpus;
			productReference = FABB39B81BD013B800AE8462 /* OggOpus.app */;
			productType = "com.apple.product-type.application";
		};
/* End PBXNativeTarget section */

/* Begin PBXProject section */
		FABB39B01BD013B800AE8462 /* Project object */ = {
			isa = PBXProject;
			attributes = {
				LastUpgradeCheck = 0700;
				ORGANIZATIONNAME = devxhkl;
				TargetAttributes = {
					FABB39B71BD013B800AE8462 = {
						CreatedOnToolsVersion = 7.0.1;
					};
				};
			};
			buildConfigurationList = FABB39B31BD013B800AE8462 /* Build configuration list for PBXProject "OggOpus" */;
			compatibilityVersion = "Xcode 3.2";
			developmentRegion = English;
			hasScannedForEncodings = 0;
			knownRegions = (
				en,
				Base,
			);
			mainGroup = FABB39AF1BD013B800AE8462;
			productRefGroup = FABB39B91BD013B800AE8462 /* Products */;
			projectDirPath = "";
			projectRoot = "";
			targets = (
				FABB39B71BD013B800AE8462 /* OggOpus */,
			);
		};
/* End PBXProject section */

/* Begin PBXResourcesBuildPhase section */
		FABB39B61BD013B800AE8462 /* Resources */ = {
			isa = PBXResourcesBuildPhase;
			buildActionMask = 2147483647;
			files = (
				FABB39C61BD013B800AE8462 /* LaunchScreen.storyboard in Resources */,
				FABB39C31BD013B800AE8462 /* Assets.xcassets in Resources */,
				FABB39C11BD013B800AE8462 /* Main.storyboard in Resources */,
			);
			runOnlyForDeploymentPostprocessing = 0;
		};
/* End PBXResourcesBuildPhase section */

/* Begin PBXSourcesBuildPhase section */
		FABB39B41BD013B800AE8462 /* Sources */ = {
			isa = PBXSourcesBuildPhase;
			buildActionMask = 2147483647;
			files = (
				FABB39BE1BD013B800AE8462 /* ViewController.swift in Sources */,
				FABB39BC1BD013B800AE8462 /* AppDelegate.swift in Sources */,
			);
			runOnlyForDeploymentPostprocessing = 0;
		};
/* End PBXSourcesBuildPhase section */

/* Begin PBXVariantGroup section */
		FABB39BF1BD013B800AE8462 /* Main.storyboard */ = {
			isa = PBXVariantGroup;
			children = (
				FABB39C01BD013B800AE8462 /* Base */,
			);
			name = Main.storyboard;
			sourceTree = "<group>";
		};
		FABB39C41BD013B800AE8462 /* LaunchScreen.storyboard */ = {
			isa = PBXVariantGroup;
			children = (
				FABB39C51BD013B800AE8462 /* Base */,
			);
			name = LaunchScreen.storyboard;
			sourceTree = "<group>";
		};
/* End PBXVariantGroup section */

/* Begin XCBuildConfiguration section */
		FABB39C81BD013B800AE8462 /* Debug */ = {
			isa = XCBuildConfiguration;
			buildSettings = {
				ALWAYS_SEARCH_USER_PATHS = NO;
				CLANG_CXX_LANGUAGE_STANDARD = "gnu++0x";
				CLANG_CXX_LIBRARY = "libc++";
				CLANG_ENABLE_MODULES = YES;
				CLANG_ENABLE_OBJC_ARC = YES;
				CLANG_WARN_BOOL_CONVERSION = YES;
				CLANG_WARN_CONSTANT_CONVERSION = YES;
				CLANG_WARN_DIRECT_OBJC_ISA_USAGE = YES_ERROR;
				CLANG_WARN_EMPTY_BODY = YES;
				CLANG_WARN_ENUM_CONVERSION = YES;
				CLANG_WARN_INT_CONVERSION = YES;
				CLANG_WARN_OBJC_ROOT_CLASS = YES_ERROR;
				CLANG_WARN_UNREACHABLE_CODE = YES;
				CLANG_WARN__DUPLICATE_METHOD_MATCH = YES;
				"CODE_SIGN_IDENTITY[sdk=iphoneos*]" = "iPhone Developer";
				COPY_PHASE_STRIP = NO;
				DEBUG_INFORMATION_FORMAT = dwarf;
				ENABLE_STRICT_OBJC_MSGSEND = YES;
				ENABLE_TESTABILITY = YES;
				GCC_C_LANGUAGE_STANDARD = gnu99;
				GCC_DYNAMIC_NO_PIC = NO;
				GCC_NO_COMMON_BLOCKS = YES;
				GCC_OPTIMIZATION_LEVEL = 0;
				GCC_PREPROCESSOR_DEFINITIONS = (
					"DEBUG=1",
					"$(inherited)",
				);
				GCC_WARN_64_TO_32_BIT_CONVERSION = YES;
				GCC_WARN_ABOUT_RETURN_TYPE = YES_ERROR;
				GCC_WARN_UNDECLARED_SELECTOR = YES;
				GCC_WARN_UNINITIALIZED_AUTOS = YES_AGGRESSIVE;
				GCC_WARN_UNUSED_FUNCTION = YES;
				GCC_WARN_UNUSED_VARIABLE = YES;
				IPHONEOS_DEPLOYMENT_TARGET = 9.0;
				MTL_ENABLE_DEBUG_INFO = YES;
				ONLY_ACTIVE_ARCH = YES;
				SDKROOT = iphoneos;
				SWIFT_OPTIMIZATION_LEVEL = "-Onone";
			};
			name = Debug;
		};
		FABB39C91BD013B800AE8462 /* Release */ = {
			isa = XCBuildConfiguration;
			buildSettings = {
				ALWAYS_SEARCH_USER_PATHS = NO;
				CLANG_CXX_LANGUAGE_STANDARD = "gnu++0x";
				CLANG_CXX_LIBRARY = "libc++";
				CLANG_ENABLE_MODULES = YES;
				CLANG_ENABLE_OBJC_ARC = YES;
				CLANG_WARN_BOOL_CONVERSION = YES;
				CLANG_WARN_CONSTANT_CONVERSION = YES;
				CLANG_WARN_DIRECT_OBJC_ISA_USAGE = YES_ERROR;
				CLANG_WARN_EMPTY_BODY = YES;
				CLANG_WARN_ENUM_CONVERSION = YES;
				CLANG_WARN_INT_CONVERSION = YES;
				CLANG_WARN_OBJC_ROOT_CLASS = YES_ERROR;
				CLANG_WARN_UNREACHABLE_CODE = YES;
				CLANG_WARN__DUPLICATE_METHOD_MATCH = YES;
				"CODE_SIGN_IDENTITY[sdk=iphoneos*]" = "iPhone Developer";
				COPY_PHASE_STRIP = NO;
				DEBUG_INFORMATION_FORMAT = "dwarf-with-dsym";
				ENABLE_NS_ASSERTIONS = NO;
				ENABLE_STRICT_OBJC_MSGSEND = YES;
				GCC_C_LANGUAGE_STANDARD = gnu99;
				GCC_NO_COMMON_BLOCKS = YES;
				GCC_WARN_64_TO_32_BIT_CONVERSION = YES;
				GCC_WARN_ABOUT_RETURN_TYPE = YES_ERROR;
				GCC_WARN_UNDECLARED_SELECTOR = YES;
				GCC_WARN_UNINITIALIZED_AUTOS = YES_AGGRESSIVE;
				GCC_WARN_UNUSED_FUNCTION = YES;
				GCC_WARN_UNUSED_VARIABLE = YES;
				IPHONEOS_DEPLOYMENT_TARGET = 9.0;
				MTL_ENABLE_DEBUG_INFO = NO;
				SDKROOT = iphoneos;
				VALIDATE_PRODUCT = YES;
			};
			name = Release;
		};
		FABB39CB1BD013B800AE8462 /* Debug */ = {
			isa = XCBuildConfiguration;
			buildSettings = {
				ASSETCATALOG_COMPILER_APPICON_NAME = AppIcon;
				INFOPLIST_FILE = OggOpus/Info.plist;
				LD_RUNPATH_SEARCH_PATHS = "$(inherited) @executable_path/Frameworks";
				PRODUCT_BUNDLE_IDENTIFIER = com.devxhkl.OggOpus;
				PRODUCT_NAME = "$(TARGET_NAME)";
			};
			name = Debug;
		};
		FABB39CC1BD013B800AE8462 /* Release */ = {
			isa = XCBuildConfiguration;
			buildSettings = {
				ASSETCATALOG_COMPILER_APPICON_NAME = AppIcon;
				INFOPLIST_FILE = OggOpus/Info.plist;
				LD_RUNPATH_SEARCH_PATHS = "$(inherited) @executable_path/Frameworks";
				PRODUCT_BUNDLE_IDENTIFIER = com.devxhkl.OggOpus;
				PRODUCT_NAME = "$(TARGET_NAME)";
			};
			name = Release;
		};
/* End XCBuildConfiguration section */

/* Begin XCConfigurationList section */
		FABB39B31BD013B800AE8462 /* Build configuration list for PBXProject "OggOpus" */ = {
			isa = XCConfigurationList;
			buildConfigurations = (
				FABB39C81BD013B800AE8462 /* Debug */,
				FABB39C91BD013B800AE8462 /* Release */,
			);
			defaultConfigurationIsVisible = 0;
			defaultConfigurationName = Release;
		};
		FABB39CA1BD013B800AE8462 /* Build configuration list for PBXNativeTarget "OggOpus" */ = {
			isa = XCConfigurationList;
			buildConfigurations = (
				FABB39CB1BD013B800AE8462 /* Debug */,
				FABB39CC1BD013B800AE8462 /* Release */,
			);
			defaultConfigurationIsVisible = 0;
		};
/* End XCConfigurationList section */
	};
	rootObject = FABB39B01BD013B800AE8462 /* Project object */;
}
